
Microsoft Visual Studio Solution File, Format Version 12.00
# Visual Studio Version 16
VisualStudioVersion = 16.0.31624.102
MinimumVisualStudioVersion = 10.0.40219.1
Project("{FAE04EC0-301F-11D3-BF4B-00C04F79EFBC}") = "StringCalculatorNF", "StringCalculatorNF\StringCalculatorNF.csproj", "{D3773FAC-844D-4532-A167-386C9B4EC5E7}"
EndProject
Project("{9A19103F-16F7-4668-BE54-9A1E7A4F7556}") = "StringCalculatorTest", "StringCalculatorTest\StringCalculatorTest.csproj", "{31077E58-D035-480F-91F3-6F319410E703}"
EndProject
Global
	GlobalSection(SolutionConfigurationPlatforms) = preSolution
		Debug|Any CPU = Debug|Any CPU
		Release|Any CPU = Release|Any CPU
	EndGlobalSection
	GlobalSection(ProjectConfigurationPlatforms) = postSolution
		{D3773FAC-844D-4532-A167-386C9B4EC5E7}.Debug|Any CPU.ActiveCfg = Debug|Any CPU
		{D3773FAC-844D-4532-A167-386C9B4EC5E7}.Debug|Any CPU.Build.0 = Debug|Any CPU
		{D3773FAC-844D-4532-A167-386C9B4EC5E7}.Release|Any CPU.ActiveCfg = Release|Any CPU
		{D3773FAC-844D-4532-A167-386C9B4EC5E7}.Release|Any CPU.Build.0 = Release|Any CPU
		{31077E58-D035-480F-91F3-6F319410E703}.Debug|Any CPU.ActiveCfg = Debug|Any CPU
		{31077E58-D035-480F-91F3-6F319410E703}.Debug|Any CPU.Build.0 = Debug|Any CPU
		{31077E58-D035-480F-91F3-6F319410E703}.Release|Any CPU.ActiveCfg = Release|Any CPU
		{31077E58-D035-480F-91F3-6F319410E703}.Release|Any CPU.Build.0 = Release|Any CPU
	EndGlobalSection
	GlobalSection(SolutionProperties) = preSolution
		HideSolutionNode = FALSE
	EndGlobalSection
	GlobalSection(ExtensibilityGlobals) = postSolution
		SolutionGuid = {4BF61719-EF51-487A-A7DB-3DD434679771}
	EndGlobalSection
EndGlobal
